
Microsoft Visual Studio Solution File, Format Version 12.00
Project("{FAE04EC0-301F-11D3-BF4B-00C04F79EFBC}") = "RobinEshop", "RobinEshop\RobinEshop.csproj", "{F9C91619-420F-4BBF-A28E-940003D3ABAF}"
EndProject
Global
	GlobalSection(SolutionConfigurationPlatforms) = preSolution
		Debug|Any CPU = Debug|Any CPU
		Release|Any CPU = Release|Any CPU
	EndGlobalSection
	GlobalSection(ProjectConfigurationPlatforms) = postSolution
		{F9C91619-420F-4BBF-A28E-940003D3ABAF}.Debug|Any CPU.ActiveCfg = Debug|Any CPU
		{F9C91619-420F-4BBF-A28E-940003D3ABAF}.Debug|Any CPU.Build.0 = Debug|Any CPU
		{F9C91619-420F-4BBF-A28E-940003D3ABAF}.Release|Any CPU.ActiveCfg = Release|Any CPU
		{F9C91619-420F-4BBF-A28E-940003D3ABAF}.Release|Any CPU.Build.0 = Release|Any CPU
	EndGlobalSection
EndGlobal
